{
  "object": {
    "pins": [
      {
        "package": "_InternalSwiftSyntaxParser",
        "repositoryURL": "https://github.com/liamnichols/_InternalSwiftSyntaxParser.git",
        "state": {
          "branch": null,
          "revision": "16cddd9958053c7d69e95074d31449e9bbc4ec7a",
          "version": "0.50500.0"
        }
      },
      {
        "package": "Difference",
        "repositoryURL": "https://github.com/krzysztofzablocki/Difference.git",
        "state": {
          "branch": null,
          "revision": "e8d023826efc3aef58cf21cc2f6483ad3a067f5b",
          "version": "1.0.0"
        }
      },
      {
        "package": "SwiftSyntax",
        "repositoryURL": "https://github.com/apple/swift-syntax.git",
        "state": {
          "branch": null,
          "revision": "75e60475d9d8fd5bbc16a12e0eaa2cb01b0c322e",
          "version": "0.50500.0"
        }
      }
    ]
  },
  "version": 1
}
